
Microsoft Visual Studio Solution File, Format Version 12.00
# Visual Studio Version 17
VisualStudioVersion = 17.5.002.0
MinimumVisualStudioVersion = 10.0.40219.1
Project("{9A19103F-16F7-4668-BE54-9A1E7A4F7556}") = "zsh-ai-agent", "zsh-ai-agent.csproj", "{F07ECEA4-E598-4008-A12E-0BED73BE007A}"
EndProject
Global
	GlobalSection(SolutionConfigurationPlatforms) = preSolution
		Debug|Any CPU = Debug|Any CPU
		Release|Any CPU = Release|Any CPU
	EndGlobalSection
	GlobalSection(ProjectConfigurationPlatforms) = postSolution
		{F07ECEA4-E598-4008-A12E-0BED73BE007A}.Debug|Any CPU.ActiveCfg = Debug|Any CPU
		{F07ECEA4-E598-4008-A12E-0BED73BE007A}.Debug|Any CPU.Build.0 = Debug|Any CPU
		{F07ECEA4-E598-4008-A12E-0BED73BE007A}.Release|Any CPU.ActiveCfg = Release|Any CPU
		{F07ECEA4-E598-4008-A12E-0BED73BE007A}.Release|Any CPU.Build.0 = Release|Any CPU
	EndGlobalSection
	GlobalSection(SolutionProperties) = preSolution
		HideSolutionNode = FALSE
	EndGlobalSection
	GlobalSection(ExtensibilityGlobals) = postSolution
		SolutionGuid = {9574E424-6171-4AE7-B776-F19B5085A5E3}
	EndGlobalSection
EndGlobal
